
Microsoft Visual Studio Solution File, Format Version 12.00
# Visual Studio Version 17
VisualStudioVersion = 17.6.33801.468
MinimumVisualStudioVersion = 10.0.40219.1
Project("{9A19103F-16F7-4668-BE54-9A1E7A4F7556}") = "SieuThiMini", "SieuThiMini.csproj", "{F696B45F-C12D-42C7-B5CC-39031514089D}"
EndProject
Project("{2150E333-8FDC-42A3-9474-1A3956D46DE8}") = "Solution Items", "Solution Items", "{66F528E7-2F01-457F-8171-4C896B3AA1FB}"
	ProjectSection(SolutionItems) = preProject
		.editorconfig = .editorconfig
	EndProjectSection
EndProject
Global
	GlobalSection(SolutionConfigurationPlatforms) = preSolution
		Debug|Any CPU = Debug|Any CPU
		Debug|x86 = Debug|x86
		Release|Any CPU = Release|Any CPU
		Release|x86 = Release|x86
	EndGlobalSection
	GlobalSection(ProjectConfigurationPlatforms) = postSolution
		{F696B45F-C12D-42C7-B5CC-39031514089D}.Debug|Any CPU.ActiveCfg = Debug|Any CPU
		{F696B45F-C12D-42C7-B5CC-39031514089D}.Debug|Any CPU.Build.0 = Debug|Any CPU
		{F696B45F-C12D-42C7-B5CC-39031514089D}.Debug|x86.ActiveCfg = Debug|x86
		{F696B45F-C12D-42C7-B5CC-39031514089D}.Debug|x86.Build.0 = Debug|x86
		{F696B45F-C12D-42C7-B5CC-39031514089D}.Release|Any CPU.ActiveCfg = Release|Any CPU
		{F696B45F-C12D-42C7-B5CC-39031514089D}.Release|Any CPU.Build.0 = Release|Any CPU
		{F696B45F-C12D-42C7-B5CC-39031514089D}.Release|x86.ActiveCfg = Release|x86
		{F696B45F-C12D-42C7-B5CC-39031514089D}.Release|x86.Build.0 = Release|x86
	EndGlobalSection
	GlobalSection(SolutionProperties) = preSolution
		HideSolutionNode = FALSE
	EndGlobalSection
	GlobalSection(ExtensibilityGlobals) = postSolution
		SolutionGuid = {2CEB898F-C22E-4A14-9E99-FF3C2A234C04}
	EndGlobalSection
EndGlobal
